{
  "name": "notifications",
  "version": "1.0.0",
  "lockfileVersion": 3,
  "requires": true,
  "packages": {
    "": {
      "name": "notifications",
      "version": "1.0.0",
      "license": "ISC",
      "devDependencies": {
        "@apeleghq/rfc8188": "^1.0.7"
      }
    },
    "node_modules/@apeleghq/rfc8188": {
      "version": "1.0.7",
      "resolved": "https://registry.npmjs.org/@apeleghq/rfc8188/-/rfc8188-1.0.7.tgz",
      "integrity": "sha512-EU2BkjaDwPqF9eVVi4N98bBivR9lTPqHbxiTmIMrw8WKS7KpZ93giWOQSrWUxRzy26zhNgkWAQW6JZUG2F5SOg==",
      "dev": true,
      "license": "ISC"
    }
  }
}
